
Microsoft Visual Studio Solution File, Format Version 12.00
# Visual Studio Version 16
VisualStudioVersion = 16.0.31205.134
MinimumVisualStudioVersion = 10.0.40219.1
Project("{9A19103F-16F7-4668-BE54-9A1E7A4F7556}") = "TechArtProfileProject", "TechArtProfileProject\TechArtProfileProject.csproj", "{0C0F7D2C-2627-44A8-BF08-585CCAE7B0AD}"
EndProject
Project("{FAE04EC0-301F-11D3-BF4B-00C04F79EFBC}") = "TechArtProfileProject.Lib.Core", "TechArtProfileProject.Lib.Core\TechArtProfileProject.Lib.Core.csproj", "{C334BA9D-59B6-4204-BF3E-C385526561E7}"
EndProject
Project("{FAE04EC0-301F-11D3-BF4B-00C04F79EFBC}") = "TechArtProfileProject.Lib.Model", "TechArtProfileProject.Lib.Model\TechArtProfileProject.Lib.Model.csproj", "{5F03B806-10A3-41C6-A1F2-82C4A1D8975B}"
EndProject
Project("{FAE04EC0-301F-11D3-BF4B-00C04F79EFBC}") = "TechArtProfileProject.Lib.Infrastructure", "TechArtProfileProject.Lib.Infrastructure\TechArtProfileProject.Lib.Infrastructure.csproj", "{74613209-539C-4F08-BE0F-BBE8CA272C5C}"
EndProject
Global
	GlobalSection(SolutionConfigurationPlatforms) = preSolution
		Debug|Any CPU = Debug|Any CPU
		Release|Any CPU = Release|Any CPU
	EndGlobalSection
	GlobalSection(ProjectConfigurationPlatforms) = postSolution
		{0C0F7D2C-2627-44A8-BF08-585CCAE7B0AD}.Debug|Any CPU.ActiveCfg = Debug|Any CPU
		{0C0F7D2C-2627-44A8-BF08-585CCAE7B0AD}.Debug|Any CPU.Build.0 = Debug|Any CPU
		{0C0F7D2C-2627-44A8-BF08-585CCAE7B0AD}.Release|Any CPU.ActiveCfg = Release|Any CPU
		{0C0F7D2C-2627-44A8-BF08-585CCAE7B0AD}.Release|Any CPU.Build.0 = Release|Any CPU
		{C334BA9D-59B6-4204-BF3E-C385526561E7}.Debug|Any CPU.ActiveCfg = Debug|Any CPU
		{C334BA9D-59B6-4204-BF3E-C385526561E7}.Debug|Any CPU.Build.0 = Debug|Any CPU
		{C334BA9D-59B6-4204-BF3E-C385526561E7}.Release|Any CPU.ActiveCfg = Release|Any CPU
		{C334BA9D-59B6-4204-BF3E-C385526561E7}.Release|Any CPU.Build.0 = Release|Any CPU
		{5F03B806-10A3-41C6-A1F2-82C4A1D8975B}.Debug|Any CPU.ActiveCfg = Debug|Any CPU
		{5F03B806-10A3-41C6-A1F2-82C4A1D8975B}.Debug|Any CPU.Build.0 = Debug|Any CPU
		{5F03B806-10A3-41C6-A1F2-82C4A1D8975B}.Release|Any CPU.ActiveCfg = Release|Any CPU
		{5F03B806-10A3-41C6-A1F2-82C4A1D8975B}.Release|Any CPU.Build.0 = Release|Any CPU
		{74613209-539C-4F08-BE0F-BBE8CA272C5C}.Debug|Any CPU.ActiveCfg = Debug|Any CPU
		{74613209-539C-4F08-BE0F-BBE8CA272C5C}.Debug|Any CPU.Build.0 = Debug|Any CPU
		{74613209-539C-4F08-BE0F-BBE8CA272C5C}.Release|Any CPU.ActiveCfg = Release|Any CPU
		{74613209-539C-4F08-BE0F-BBE8CA272C5C}.Release|Any CPU.Build.0 = Release|Any CPU
	EndGlobalSection
	GlobalSection(SolutionProperties) = preSolution
		HideSolutionNode = FALSE
	EndGlobalSection
	GlobalSection(ExtensibilityGlobals) = postSolution
		SolutionGuid = {940016D4-F0A7-42A7-B1CC-DC4702885EBB}
	EndGlobalSection
EndGlobal
